
Microsoft Visual Studio Solution File, Format Version 12.00
# Visual Studio 15
VisualStudioVersion = 15.0.28307.572
MinimumVisualStudioVersion = 10.0.40219.1
Project("{FAE04EC0-301F-11D3-BF4B-00C04F79EFBC}") = "WordSearch", "WordSearch\WordSearch.csproj", "{0049D069-08CE-42E1-B1AD-91B3013C2675}"
EndProject
Global
	GlobalSection(SolutionConfigurationPlatforms) = preSolution
		Debug|Any CPU = Debug|Any CPU
		Release|Any CPU = Release|Any CPU
	EndGlobalSection
	GlobalSection(ProjectConfigurationPlatforms) = postSolution
		{0049D069-08CE-42E1-B1AD-91B3013C2675}.Debug|Any CPU.ActiveCfg = Release|Any CPU
		{0049D069-08CE-42E1-B1AD-91B3013C2675}.Debug|Any CPU.Build.0 = Release|Any CPU
		{0049D069-08CE-42E1-B1AD-91B3013C2675}.Release|Any CPU.ActiveCfg = Release|Any CPU
		{0049D069-08CE-42E1-B1AD-91B3013C2675}.Release|Any CPU.Build.0 = Release|Any CPU
	EndGlobalSection
	GlobalSection(SolutionProperties) = preSolution
		HideSolutionNode = FALSE
	EndGlobalSection
	GlobalSection(ExtensibilityGlobals) = postSolution
		SolutionGuid = {47E76584-51E7-45C8-B2E4-9699CF0ECB69}
	EndGlobalSection
EndGlobal
